
Microsoft Visual Studio Solution File, Format Version 12.00
# Visual Studio Version 17
VisualStudioVersion = 17.10.34928.147
MinimumVisualStudioVersion = 10.0.40219.1
Project("{FAE04EC0-301F-11D3-BF4B-00C04F79EFBC}") = "Numerical integration", "Numerical integration\Numerical integration.csproj", "{F1AB196D-6EBF-49EF-9F7F-0C610B0BFD53}"
EndProject
Global
	GlobalSection(SolutionConfigurationPlatforms) = preSolution
		Debug|Any CPU = Debug|Any CPU
		Release|Any CPU = Release|Any CPU
	EndGlobalSection
	GlobalSection(ProjectConfigurationPlatforms) = postSolution
		{F1AB196D-6EBF-49EF-9F7F-0C610B0BFD53}.Debug|Any CPU.ActiveCfg = Debug|Any CPU
		{F1AB196D-6EBF-49EF-9F7F-0C610B0BFD53}.Debug|Any CPU.Build.0 = Debug|Any CPU
		{F1AB196D-6EBF-49EF-9F7F-0C610B0BFD53}.Release|Any CPU.ActiveCfg = Release|Any CPU
		{F1AB196D-6EBF-49EF-9F7F-0C610B0BFD53}.Release|Any CPU.Build.0 = Release|Any CPU
	EndGlobalSection
	GlobalSection(SolutionProperties) = preSolution
		HideSolutionNode = FALSE
	EndGlobalSection
	GlobalSection(ExtensibilityGlobals) = postSolution
		SolutionGuid = {30CC223E-D4E2-4ABB-AC34-7EDE62E3D357}
	EndGlobalSection
EndGlobal
